
Microsoft Visual Studio Solution File, Format Version 12.00
# Visual Studio Version 16
VisualStudioVersion = 16.0.31729.503
MinimumVisualStudioVersion = 10.0.40219.1
Project("{FAE04EC0-301F-11D3-BF4B-00C04F79EFBC}") = "Projekt_Inzynierski.Android", "Projekt_Inzynierski.Android\Projekt_Inzynierski.Android.csproj", "{0AEDECF7-86D6-4350-BADF-8141A418B70E}"
EndProject
Project("{FAE04EC0-301F-11D3-BF4B-00C04F79EFBC}") = "Projekt_Inzynierski.iOS", "Projekt_Inzynierski.iOS\Projekt_Inzynierski.iOS.csproj", "{0C9DA012-5204-4031-8A31-B3994D27BF47}"
EndProject
Project("{FAE04EC0-301F-11D3-BF4B-00C04F79EFBC}") = "Projekt_Inzynierski", "Projekt_Inzynierski\Projekt_Inzynierski.csproj", "{222CB50F-EAE4-44D4-B1F9-C260FBDEF7B2}"
EndProject
Global
	GlobalSection(SolutionConfigurationPlatforms) = preSolution
		Debug|Any CPU = Debug|Any CPU
		Debug|iPhone = Debug|iPhone
		Debug|iPhoneSimulator = Debug|iPhoneSimulator
		Release|Any CPU = Release|Any CPU
		Release|iPhone = Release|iPhone
		Release|iPhoneSimulator = Release|iPhoneSimulator
	EndGlobalSection
	GlobalSection(ProjectConfigurationPlatforms) = postSolution
		{0AEDECF7-86D6-4350-BADF-8141A418B70E}.Debug|Any CPU.ActiveCfg = Debug|Any CPU
		{0AEDECF7-86D6-4350-BADF-8141A418B70E}.Debug|Any CPU.Build.0 = Debug|Any CPU
		{0AEDECF7-86D6-4350-BADF-8141A418B70E}.Debug|Any CPU.Deploy.0 = Debug|Any CPU
		{0AEDECF7-86D6-4350-BADF-8141A418B70E}.Debug|iPhone.ActiveCfg = Debug|Any CPU
		{0AEDECF7-86D6-4350-BADF-8141A418B70E}.Debug|iPhone.Build.0 = Debug|Any CPU
		{0AEDECF7-86D6-4350-BADF-8141A418B70E}.Debug|iPhone.Deploy.0 = Debug|Any CPU
		{0AEDECF7-86D6-4350-BADF-8141A418B70E}.Debug|iPhoneSimulator.ActiveCfg = Debug|Any CPU
		{0AEDECF7-86D6-4350-BADF-8141A418B70E}.Debug|iPhoneSimulator.Build.0 = Debug|Any CPU
		{0AEDECF7-86D6-4350-BADF-8141A418B70E}.Debug|iPhoneSimulator.Deploy.0 = Debug|Any CPU
		{0AEDECF7-86D6-4350-BADF-8141A418B70E}.Release|Any CPU.ActiveCfg = Release|Any CPU
		{0AEDECF7-86D6-4350-BADF-8141A418B70E}.Release|Any CPU.Build.0 = Release|Any CPU
		{0AEDECF7-86D6-4350-BADF-8141A418B70E}.Release|Any CPU.Deploy.0 = Release|Any CPU
		{0AEDECF7-86D6-4350-BADF-8141A418B70E}.Release|iPhone.ActiveCfg = Release|Any CPU
		{0AEDECF7-86D6-4350-BADF-8141A418B70E}.Release|iPhone.Build.0 = Release|Any CPU
		{0AEDECF7-86D6-4350-BADF-8141A418B70E}.Release|iPhone.Deploy.0 = Release|Any CPU
		{0AEDECF7-86D6-4350-BADF-8141A418B70E}.Release|iPhoneSimulator.ActiveCfg = Release|Any CPU
		{0AEDECF7-86D6-4350-BADF-8141A418B70E}.Release|iPhoneSimulator.Build.0 = Release|Any CPU
		{0AEDECF7-86D6-4350-BADF-8141A418B70E}.Release|iPhoneSimulator.Deploy.0 = Release|Any CPU
		{0C9DA012-5204-4031-8A31-B3994D27BF47}.Debug|Any CPU.ActiveCfg = Debug|iPhone
		{0C9DA012-5204-4031-8A31-B3994D27BF47}.Debug|Any CPU.Build.0 = Debug|iPhone
		{0C9DA012-5204-4031-8A31-B3994D27BF47}.Debug|Any CPU.Deploy.0 = Debug|iPhone
		{0C9DA012-5204-4031-8A31-B3994D27BF47}.Debug|iPhone.ActiveCfg = Debug|iPhone
		{0C9DA012-5204-4031-8A31-B3994D27BF47}.Debug|iPhone.Build.0 = Debug|iPhone
		{0C9DA012-5204-4031-8A31-B3994D27BF47}.Debug|iPhone.Deploy.0 = Debug|iPhone
		{0C9DA012-5204-4031-8A31-B3994D27BF47}.Debug|iPhoneSimulator.ActiveCfg = Debug|iPhoneSimulator
		{0C9DA012-5204-4031-8A31-B3994D27BF47}.Debug|iPhoneSimulator.Build.0 = Debug|iPhoneSimulator
		{0C9DA012-5204-4031-8A31-B3994D27BF47}.Debug|iPhoneSimulator.Deploy.0 = Debug|iPhoneSimulator
		{0C9DA012-5204-4031-8A31-B3994D27BF47}.Release|Any CPU.ActiveCfg = Release|iPhoneSimulator
		{0C9DA012-5204-4031-8A31-B3994D27BF47}.Release|Any CPU.Build.0 = Release|iPhoneSimulator
		{0C9DA012-5204-4031-8A31-B3994D27BF47}.Release|Any CPU.Deploy.0 = Release|iPhoneSimulator
		{0C9DA012-5204-4031-8A31-B3994D27BF47}.Release|iPhone.ActiveCfg = Release|iPhone
		{0C9DA012-5204-4031-8A31-B3994D27BF47}.Release|iPhone.Build.0 = Release|iPhone
		{0C9DA012-5204-4031-8A31-B3994D27BF47}.Release|iPhone.Deploy.0 = Release|iPhone
		{0C9DA012-5204-4031-8A31-B3994D27BF47}.Release|iPhoneSimulator.ActiveCfg = Release|iPhoneSimulator
		{0C9DA012-5204-4031-8A31-B3994D27BF47}.Release|iPhoneSimulator.Build.0 = Release|iPhoneSimulator
		{0C9DA012-5204-4031-8A31-B3994D27BF47}.Release|iPhoneSimulator.Deploy.0 = Release|iPhoneSimulator
		{222CB50F-EAE4-44D4-B1F9-C260FBDEF7B2}.Debug|Any CPU.ActiveCfg = Debug|Any CPU
		{222CB50F-EAE4-44D4-B1F9-C260FBDEF7B2}.Debug|Any CPU.Build.0 = Debug|Any CPU
		{222CB50F-EAE4-44D4-B1F9-C260FBDEF7B2}.Debug|Any CPU.Deploy.0 = Debug|Any CPU
		{222CB50F-EAE4-44D4-B1F9-C260FBDEF7B2}.Debug|iPhone.ActiveCfg = Debug|Any CPU
		{222CB50F-EAE4-44D4-B1F9-C260FBDEF7B2}.Debug|iPhone.Build.0 = Debug|Any CPU
		{222CB50F-EAE4-44D4-B1F9-C260FBDEF7B2}.Debug|iPhone.Deploy.0 = Debug|Any CPU
		{222CB50F-EAE4-44D4-B1F9-C260FBDEF7B2}.Debug|iPhoneSimulator.ActiveCfg = Debug|Any CPU
		{222CB50F-EAE4-44D4-B1F9-C260FBDEF7B2}.Debug|iPhoneSimulator.Build.0 = Debug|Any CPU
		{222CB50F-EAE4-44D4-B1F9-C260FBDEF7B2}.Debug|iPhoneSimulator.Deploy.0 = Debug|Any CPU
		{222CB50F-EAE4-44D4-B1F9-C260FBDEF7B2}.Release|Any CPU.ActiveCfg = Release|Any CPU
		{222CB50F-EAE4-44D4-B1F9-C260FBDEF7B2}.Release|Any CPU.Build.0 = Release|Any CPU
		{222CB50F-EAE4-44D4-B1F9-C260FBDEF7B2}.Release|Any CPU.Deploy.0 = Release|Any CPU
		{222CB50F-EAE4-44D4-B1F9-C260FBDEF7B2}.Release|iPhone.ActiveCfg = Release|Any CPU
		{222CB50F-EAE4-44D4-B1F9-C260FBDEF7B2}.Release|iPhone.Build.0 = Release|Any CPU
		{222CB50F-EAE4-44D4-B1F9-C260FBDEF7B2}.Release|iPhone.Deploy.0 = Release|Any CPU
		{222CB50F-EAE4-44D4-B1F9-C260FBDEF7B2}.Release|iPhoneSimulator.ActiveCfg = Release|Any CPU
		{222CB50F-EAE4-44D4-B1F9-C260FBDEF7B2}.Release|iPhoneSimulator.Build.0 = Release|Any CPU
		{222CB50F-EAE4-44D4-B1F9-C260FBDEF7B2}.Release|iPhoneSimulator.Deploy.0 = Release|Any CPU
	EndGlobalSection
	GlobalSection(SolutionProperties) = preSolution
		HideSolutionNode = FALSE
	EndGlobalSection
	GlobalSection(ExtensibilityGlobals) = postSolution
		SolutionGuid = {26185D83-537A-4027-B15F-C49CCCA2C417}
	EndGlobalSection
EndGlobal
